
Microsoft Visual Studio Solution File, Format Version 12.00
# Visual Studio 15
VisualStudioVersion = 15.0.26124.0
MinimumVisualStudioVersion = 15.0.26124.0
Project("{2150E333-8FDC-42A3-9474-1A3956D46DE8}") = "src", "src", "{AF5E82A8-FCCB-45A5-9537-B131051E36A0}"
EndProject
Project("{FAE04EC0-301F-11D3-BF4B-00C04F79EFBC}") = "SampleApp", "src\SampleApp\SampleApp.csproj", "{07A8D213-04DF-4D66-B9A4-C4D853EE05A0}"
EndProject
Project("{FAE04EC0-301F-11D3-BF4B-00C04F79EFBC}") = "BuyMeCoffee.OrchardCore", "src\BuyMeCoffee.OrchardCore\BuyMeCoffee.OrchardCore.csproj", "{34BF3149-B28C-4345-9757-171D734BE5B4}"
EndProject
Global
	GlobalSection(SolutionConfigurationPlatforms) = preSolution
		Debug|Any CPU = Debug|Any CPU
		Debug|x64 = Debug|x64
		Debug|x86 = Debug|x86
		Release|Any CPU = Release|Any CPU
		Release|x64 = Release|x64
		Release|x86 = Release|x86
	EndGlobalSection
	GlobalSection(SolutionProperties) = preSolution
		HideSolutionNode = FALSE
	EndGlobalSection
	GlobalSection(ProjectConfigurationPlatforms) = postSolution
		{07A8D213-04DF-4D66-B9A4-C4D853EE05A0}.Debug|Any CPU.ActiveCfg = Debug|Any CPU
		{07A8D213-04DF-4D66-B9A4-C4D853EE05A0}.Debug|Any CPU.Build.0 = Debug|Any CPU
		{07A8D213-04DF-4D66-B9A4-C4D853EE05A0}.Debug|x64.ActiveCfg = Debug|Any CPU
		{07A8D213-04DF-4D66-B9A4-C4D853EE05A0}.Debug|x64.Build.0 = Debug|Any CPU
		{07A8D213-04DF-4D66-B9A4-C4D853EE05A0}.Debug|x86.ActiveCfg = Debug|Any CPU
		{07A8D213-04DF-4D66-B9A4-C4D853EE05A0}.Debug|x86.Build.0 = Debug|Any CPU
		{07A8D213-04DF-4D66-B9A4-C4D853EE05A0}.Release|Any CPU.ActiveCfg = Release|Any CPU
		{07A8D213-04DF-4D66-B9A4-C4D853EE05A0}.Release|Any CPU.Build.0 = Release|Any CPU
		{07A8D213-04DF-4D66-B9A4-C4D853EE05A0}.Release|x64.ActiveCfg = Release|Any CPU
		{07A8D213-04DF-4D66-B9A4-C4D853EE05A0}.Release|x64.Build.0 = Release|Any CPU
		{07A8D213-04DF-4D66-B9A4-C4D853EE05A0}.Release|x86.ActiveCfg = Release|Any CPU
		{07A8D213-04DF-4D66-B9A4-C4D853EE05A0}.Release|x86.Build.0 = Release|Any CPU
		{34BF3149-B28C-4345-9757-171D734BE5B4}.Debug|Any CPU.ActiveCfg = Debug|Any CPU
		{34BF3149-B28C-4345-9757-171D734BE5B4}.Debug|Any CPU.Build.0 = Debug|Any CPU
		{34BF3149-B28C-4345-9757-171D734BE5B4}.Debug|x64.ActiveCfg = Debug|Any CPU
		{34BF3149-B28C-4345-9757-171D734BE5B4}.Debug|x64.Build.0 = Debug|Any CPU
		{34BF3149-B28C-4345-9757-171D734BE5B4}.Debug|x86.ActiveCfg = Debug|Any CPU
		{34BF3149-B28C-4345-9757-171D734BE5B4}.Debug|x86.Build.0 = Debug|Any CPU
		{34BF3149-B28C-4345-9757-171D734BE5B4}.Release|Any CPU.ActiveCfg = Release|Any CPU
		{34BF3149-B28C-4345-9757-171D734BE5B4}.Release|Any CPU.Build.0 = Release|Any CPU
		{34BF3149-B28C-4345-9757-171D734BE5B4}.Release|x64.ActiveCfg = Release|Any CPU
		{34BF3149-B28C-4345-9757-171D734BE5B4}.Release|x64.Build.0 = Release|Any CPU
		{34BF3149-B28C-4345-9757-171D734BE5B4}.Release|x86.ActiveCfg = Release|Any CPU
		{34BF3149-B28C-4345-9757-171D734BE5B4}.Release|x86.Build.0 = Release|Any CPU
	EndGlobalSection
	GlobalSection(NestedProjects) = preSolution
		{07A8D213-04DF-4D66-B9A4-C4D853EE05A0} = {AF5E82A8-FCCB-45A5-9537-B131051E36A0}
		{34BF3149-B28C-4345-9757-171D734BE5B4} = {AF5E82A8-FCCB-45A5-9537-B131051E36A0}
	EndGlobalSection
EndGlobal
